
Microsoft Visual Studio Solution File, Format Version 12.00
# Visual Studio Version 16
VisualStudioVersion = 16.0.31205.134
MinimumVisualStudioVersion = 10.0.40219.1
Project("{FAE04EC0-301F-11D3-BF4B-00C04F79EFBC}") = "HelloWorl", "HelloWorl\HelloWorl.csproj", "{448C1D2F-B836-4AD3-BFAC-ADABA39F54E2}"
EndProject
Global
	GlobalSection(SolutionConfigurationPlatforms) = preSolution
		Debug|Any CPU = Debug|Any CPU
		Release|Any CPU = Release|Any CPU
	EndGlobalSection
	GlobalSection(ProjectConfigurationPlatforms) = postSolution
		{448C1D2F-B836-4AD3-BFAC-ADABA39F54E2}.Debug|Any CPU.ActiveCfg = Debug|Any CPU
		{448C1D2F-B836-4AD3-BFAC-ADABA39F54E2}.Debug|Any CPU.Build.0 = Debug|Any CPU
		{448C1D2F-B836-4AD3-BFAC-ADABA39F54E2}.Release|Any CPU.ActiveCfg = Release|Any CPU
		{448C1D2F-B836-4AD3-BFAC-ADABA39F54E2}.Release|Any CPU.Build.0 = Release|Any CPU
	EndGlobalSection
	GlobalSection(SolutionProperties) = preSolution
		HideSolutionNode = FALSE
	EndGlobalSection
	GlobalSection(ExtensibilityGlobals) = postSolution
		SolutionGuid = {11857A8C-8EFF-4A8A-AC12-4E225823F579}
	EndGlobalSection
EndGlobal
